
Microsoft Visual Studio Solution File, Format Version 12.00
# Visual Studio Version 17
VisualStudioVersion = 17.9.34728.123
MinimumVisualStudioVersion = 10.0.40219.1
Project("{FAE04EC0-301F-11D3-BF4B-00C04F79EFBC}") = "NoTalent", "NoTalent\NoTalent.csproj", "{25977B29-1B4D-470F-B95B-B42991DBF356}"
EndProject
Global
	GlobalSection(SolutionConfigurationPlatforms) = preSolution
		Debug|Any CPU = Debug|Any CPU
		Release|Any CPU = Release|Any CPU
	EndGlobalSection
	GlobalSection(ProjectConfigurationPlatforms) = postSolution
		{25977B29-1B4D-470F-B95B-B42991DBF356}.Debug|Any CPU.ActiveCfg = Debug|Any CPU
		{25977B29-1B4D-470F-B95B-B42991DBF356}.Debug|Any CPU.Build.0 = Debug|Any CPU
		{25977B29-1B4D-470F-B95B-B42991DBF356}.Release|Any CPU.ActiveCfg = Release|Any CPU
		{25977B29-1B4D-470F-B95B-B42991DBF356}.Release|Any CPU.Build.0 = Release|Any CPU
	EndGlobalSection
	GlobalSection(SolutionProperties) = preSolution
		HideSolutionNode = FALSE
	EndGlobalSection
	GlobalSection(ExtensibilityGlobals) = postSolution
		SolutionGuid = {94DA6346-C394-45BF-B219-DA5BE24508F3}
	EndGlobalSection
EndGlobal
